
Microsoft Visual Studio Solution File, Format Version 12.00
# Visual Studio Version 17
VisualStudioVersion = 17.13.35931.197 d17.13
MinimumVisualStudioVersion = 10.0.40219.1
Project("{FAE04EC0-301F-11D3-BF4B-00C04F79EFBC}") = "Employee_Management_System", "Employee_Management_System\Employee_Management_System.csproj", "{D253A352-6F8A-4429-86AA-97539D54BBFA}"
EndProject
Global
	GlobalSection(SolutionConfigurationPlatforms) = preSolution
		Debug|Any CPU = Debug|Any CPU
		Release|Any CPU = Release|Any CPU
	EndGlobalSection
	GlobalSection(ProjectConfigurationPlatforms) = postSolution
		{D253A352-6F8A-4429-86AA-97539D54BBFA}.Debug|Any CPU.ActiveCfg = Debug|Any CPU
		{D253A352-6F8A-4429-86AA-97539D54BBFA}.Debug|Any CPU.Build.0 = Debug|Any CPU
		{D253A352-6F8A-4429-86AA-97539D54BBFA}.Release|Any CPU.ActiveCfg = Release|Any CPU
		{D253A352-6F8A-4429-86AA-97539D54BBFA}.Release|Any CPU.Build.0 = Release|Any CPU
	EndGlobalSection
	GlobalSection(SolutionProperties) = preSolution
		HideSolutionNode = FALSE
	EndGlobalSection
	GlobalSection(ExtensibilityGlobals) = postSolution
		SolutionGuid = {33D69A15-C235-4972-9788-8BB4C2BFE401}
	EndGlobalSection
EndGlobal
